
Microsoft Visual Studio Solution File, Format Version 12.00
# Visual Studio Version 16
VisualStudioVersion = 25.0.1706.2
MinimumVisualStudioVersion = 10.0.40219.1
Project("{FAE04EC0-301F-11D3-BF4B-00C04F79EFBC}") = "pxl-interview", "pxl-interview\pxl-interview.csproj", "{7658F7B0-C139-4EFE-8EA9-2215D79E90BC}"
EndProject
Global
	GlobalSection(SolutionConfigurationPlatforms) = preSolution
		Debug|Any CPU = Debug|Any CPU
		Release|Any CPU = Release|Any CPU
	EndGlobalSection
	GlobalSection(ProjectConfigurationPlatforms) = postSolution
		{7658F7B0-C139-4EFE-8EA9-2215D79E90BC}.Debug|Any CPU.ActiveCfg = Debug|Any CPU
		{7658F7B0-C139-4EFE-8EA9-2215D79E90BC}.Debug|Any CPU.Build.0 = Debug|Any CPU
		{7658F7B0-C139-4EFE-8EA9-2215D79E90BC}.Release|Any CPU.ActiveCfg = Release|Any CPU
		{7658F7B0-C139-4EFE-8EA9-2215D79E90BC}.Release|Any CPU.Build.0 = Release|Any CPU
	EndGlobalSection
	GlobalSection(SolutionProperties) = preSolution
		HideSolutionNode = FALSE
	EndGlobalSection
	GlobalSection(ExtensibilityGlobals) = postSolution
		SolutionGuid = {ABBCD251-81BF-4B87-BB20-C79F5428BBF9}
	EndGlobalSection
EndGlobal
